
Microsoft Visual Studio Solution File, Format Version 12.00
# Visual Studio Version 16
VisualStudioVersion = 16.0.30114.105
MinimumVisualStudioVersion = 10.0.40219.1
Project("{FAE04EC0-301F-11D3-BF4B-00C04F79EFBC}") = "bankCounter", "bankCounter\bankCounter.csproj", "{A46877EA-B28A-4102-AA34-ECDCDD7722E1}"
EndProject
Global
	GlobalSection(SolutionConfigurationPlatforms) = preSolution
		Debug|Any CPU = Debug|Any CPU
		Release|Any CPU = Release|Any CPU
	EndGlobalSection
	GlobalSection(ProjectConfigurationPlatforms) = postSolution
		{A46877EA-B28A-4102-AA34-ECDCDD7722E1}.Debug|Any CPU.ActiveCfg = Debug|Any CPU
		{A46877EA-B28A-4102-AA34-ECDCDD7722E1}.Debug|Any CPU.Build.0 = Debug|Any CPU
		{A46877EA-B28A-4102-AA34-ECDCDD7722E1}.Release|Any CPU.ActiveCfg = Release|Any CPU
		{A46877EA-B28A-4102-AA34-ECDCDD7722E1}.Release|Any CPU.Build.0 = Release|Any CPU
	EndGlobalSection
	GlobalSection(SolutionProperties) = preSolution
		HideSolutionNode = FALSE
	EndGlobalSection
	GlobalSection(ExtensibilityGlobals) = postSolution
		SolutionGuid = {A651BC7A-FE55-4030-BF92-8EC25673B294}
	EndGlobalSection
EndGlobal
